<?xml version="1.0" encoding="utf-8"?>
<Project ToolsVersion="4.0" xmlns="http://schemas.microsoft.com/developer/msbuild/2003">
  <ItemGroup>
    <Filter Include="Source Files">
      <UniqueIdentifier>{4FC737F1-C7A5-4376-A066-2A32D752A2FF}</UniqueIdentifier>
      <Extensions>cpp;c;cc;cxx;def;odl;idl;hpj;bat;asm;asmx</Extensions>
    </Filter>
    <Filter Include="Header Files">
      <UniqueIdentifier>{93995380-89BD-4b04-88EB-625FBE52EBFB}</UniqueIdentifier>
      <Extensions>h;hh;hpp;hxx;hm;inl;inc;xsd</Extensions>
    </Filter>
    <Filter Include="Resource Files">
      <UniqueIdentifier>{67DA6AB6-F800-4c08-8B7A-83BB121AAD01}</UniqueIdentifier>
      <Extensions>rc;ico;cur;bmp;dlg;rc2;rct;bin;rgs;gif;jpg;jpeg;jpe;resx;tiff;tif;png;wav;mfcribbon-ms</Extensions>
    </Filter>
  </ItemGroup>
  <ItemGroup>
    <ClCompile Include="src\Game.cpp">
      <Filter>Source Files</Filter>
    </ClCompile>
    <ClCompile Include="src\main.cpp">
      <Filter>Source Files</Filter>
    </ClCompile>
    <ClCompile Include="src\Ball.cpp">
      <Filter>Source Files</Filter>
    </ClCompile>
    <ClCompile Include="src\Paddle.cpp">
      <Filter>Source Files</Filter>
    </ClCompile>
    <ClCompile Include="src\Block.cpp">
      <Filter>Source Files</Filter>
    </ClCompile>
    <ClCompile Include="src\physics.cpp">
      <Filter>Source Files</Filter>
    </ClCompile>
  </ItemGroup>
  <ItemGroup>
    <ClInclude Include="include\core.hpp">
      <Filter>Header Files</Filter>
    </ClInclude>
    <ClInclude Include="include\Game.hpp">
      <Filter>Header Files</Filter>
    </ClInclude>
    <ClInclude Include="include\Ball.hpp">
      <Filter>Header Files</Filter>
    </ClInclude>
    <ClInclude Include="include\Paddle.hpp">
      <Filter>Header Files</Filter>
    </ClInclude>
    <ClInclude Include="include\Block.hpp">
      <Filter>Header Files</Filter>
    </ClInclude>
    <ClInclude Include="include\physics.hpp">
      <Filter>Header Files</Filter>
    </ClInclude>
  </ItemGroup>
  <ItemGroup>
    <None Include="src\.DS_Store" />
    <None Include="include\.DS_Store" />
    <None Include="Debug\vc140.pdb" />
    <None Include="Debug\vc140.idb" />
    <None Include="Debug\Breakout.tlog\link.write.1.tlog" />
    <None Include="Debug\Breakout.tlog\link.command.1.tlog" />
    <None Include="Debug\Breakout.tlog\link.read.1.tlog" />
    <None Include="Debug\Breakout.tlog\CL.write.1.tlog" />
    <None Include="Debug\Breakout.tlog\CL.read.1.tlog" />
    <None Include="Debug\Breakout.tlog\CL.command.1.tlog" />
    <None Include="Debug\Breakout.tlog\Breakout.lastbuildstate" />
  </ItemGroup>
  <ItemGroup>
    <Object Include="Debug\main.obj" />
  </ItemGroup>
  <ItemGroup>
    <Text Include="Debug\Breakout.log" />
  </ItemGroup>
  <ItemGroup>
    <Font Include="media\font\trs-million.ttf" />
  </ItemGroup>
</Project>